// !$*UTF8*$!
{
	archiveVersion = 1;
	classes = {
	};
	objectVersion = 46;
	objects = {

/* Begin PBXBuildFile section */
		C270D1231F1DD9DF00CD911B /* AppDelegate.m in Sources */ = {isa = PBXBuildFile; fileRef = C270D1221F1DD9DF00CD911B /* AppDelegate.m */; };
		C270D1351F1DDA2100CD911B /* ViewController.m in Sources */ = {isa = PBXBuildFile; fileRef = C270D12D1F1DDA2100CD911B /* ViewController.m */; };
		C2ED44941F1C81B700A753D8 /* main.m in Sources */ = {isa = PBXBuildFile; fileRef = C2ED44931F1C81B700A753D8 /* main.m */; };
		C2ED449D1F1C81B700A753D8 /* Main.storyboard in Resources */ = {isa = PBXBuildFile; fileRef = C2ED449B1F1C81B700A753D8 /* Main.storyboard */; };
		C2ED449F1F1C81B700A753D8 /* Assets.xcassets in Resources */ = {isa = PBXBuildFile; fileRef = C2ED449E1F1C81B700A753D8 /* Assets.xcassets */; };
		C2ED44A21F1C81B700A753D8 /* LaunchScreen.storyboard in Resources */ = {isa = PBXBuildFile; fileRef = C2ED44A01F1C81B700A753D8 /* LaunchScreen.storyboard */; };
		C2ED44AD1F1C81B700A753D8 /* EMSTests.m in Sources */ = {isa = PBXBuildFile; fileRef = C2ED44AC1F1C81B700A753D8 /* EMSTests.m */; };
		C2ED44B81F1C81B700A753D8 /* EMSUITests.m in Sources */ = {isa = PBXBuildFile; fileRef = C2ED44B71F1C81B700A753D8 /* EMSUITests.m */; };
/* End PBXBuildFile section */

/* Begin PBXContainerItemProxy section */
		C2ED44A91F1C81B700A753D8 /* PBXContainerItemProxy */ = {
			isa = PBXContainerItemProxy;
			containerPortal = C2ED44871F1C81B700A753D8 /* Project object */;
			proxyType = 1;
			remoteGlobalIDString = C2ED448E1F1C81B700A753D8;
			remoteInfo = EMS;
		};
		C2ED44B41F1C81B700A753D8 /* PBXContainerItemProxy */ = {
			isa = PBXContainerItemProxy;
			containerPortal = C2ED44871F1C81B700A753D8 /* Project object */;
			proxyType = 1;
			remoteGlobalIDString = C2ED448E1F1C81B700A753D8;
			remoteInfo = EMS;
		};
/* End PBXContainerItemProxy section */

/* Begin PBXFileReference section */
		C270D1211F1DD9DF00CD911B /* AppDelegate.h */ = {isa = PBXFileReference; fileEncoding = 4; lastKnownFileType = sourcecode.c.h; path = AppDelegate.h; sourceTree = "<group>"; };
		C270D1221F1DD9DF00CD911B /* AppDelegate.m */ = {isa = PBXFileReference; fileEncoding = 4; lastKnownFileType = sourcecode.c.objc; path = AppDelegate.m; sourceTree = "<group>"; };
		C270D12C1F1DDA2100CD911B /* ViewController.h */ = {isa = PBXFileReference; fileEncoding = 4; lastKnownFileType = sourcecode.c.h; path = ViewController.h; sourceTree = "<group>"; };
		C270D12D1F1DDA2100CD911B /* ViewController.m */ = {isa = PBXFileReference; fileEncoding = 4; lastKnownFileType = sourcecode.c.objc; path = ViewController.m; sourceTree = "<group>"; };
		C2ED448F1F1C81B700A753D8 /* EMS.app */ = {isa = PBXFileReference; explicitFileType = wrapper.application; includeInIndex = 0; path = EMS.app; sourceTree = BUILT_PRODUCTS_DIR; };
		C2ED44931F1C81B700A753D8 /* main.m */ = {isa = PBXFileReference; lastKnownFileType = sourcecode.c.objc; path = main.m; sourceTree = "<group>"; };
		C2ED449C1F1C81B700A753D8 /* Base */ = {isa = PBXFileReference; lastKnownFileType = file.storyboard; name = Base; path = Base.lproj/Main.storyboard; sourceTree = "<group>"; };
		C2ED449E1F1C81B700A753D8 /* Assets.xcassets */ = {isa = PBXFileReference; lastKnownFileType = folder.assetcatalog; path = Assets.xcassets; sourceTree = "<group>"; };
		C2ED44A11F1C81B700A753D8 /* Base */ = {isa = PBXFileReference; lastKnownFileType = file.storyboard; name = Base; path = Base.lproj/LaunchScreen.storyboard; sourceTree = "<group>"; };
		C2ED44A31F1C81B700A753D8 /* Info.plist */ = {isa = PBXFileReference; lastKnownFileType = text.plist.xml; path = Info.plist; sourceTree = "<group>"; };
		C2ED44A81F1C81B700A753D8 /* EMSTests.xctest */ = {isa = PBXFileReference; explicitFileType = wrapper.cfbundle; includeInIndex = 0; path = EMSTests.xctest; sourceTree = BUILT_PRODUCTS_DIR; };
		C2ED44AC1F1C81B700A753D8 /* EMSTests.m */ = {isa = PBXFileReference; lastKnownFileType = sourcecode.c.objc; path = EMSTests.m; sourceTree = "<group>"; };
		C2ED44AE1F1C81B700A753D8 /* Info.plist */ = {isa = PBXFileReference; lastKnownFileType = text.plist.xml; path = Info.plist; sourceTree = "<group>"; };
		C2ED44B31F1C81B700A753D8 /* EMSUITests.xctest */ = {isa = PBXFileReference; explicitFileType = wrapper.cfbundle; includeInIndex = 0; path = EMSUITests.xctest; sourceTree = BUILT_PRODUCTS_DIR; };
		C2ED44B71F1C81B700A753D8 /* EMSUITests.m */ = {isa = PBXFileReference; lastKnownFileType = sourcecode.c.objc; path = EMSUITests.m; sourceTree = "<group>"; };
		C2ED44B91F1C81B700A753D8 /* Info.plist */ = {isa = PBXFileReference; lastKnownFileType = text.plist.xml; path = Info.plist; sourceTree = "<group>"; };
/* End PBXFileReference section */

/* Begin PBXFrameworksBuildPhase section */
		C2ED448C1F1C81B700A753D8 /* Frameworks */ = {
			isa = PBXFrameworksBuildPhase;
			buildActionMask = 2147483647;
			files = (
			);
			runOnlyForDeploymentPostprocessing = 0;
		};
		C2ED44A51F1C81B700A753D8 /* Frameworks */ = {
			isa = PBXFrameworksBuildPhase;
			buildActionMask = 2147483647;
			files = (
			);
			runOnlyForDeploymentPostprocessing = 0;
		};
		C2ED44B01F1C81B700A753D8 /* Frameworks */ = {
			isa = PBXFrameworksBuildPhase;
			buildActionMask = 2147483647;
			files = (
			);
			runOnlyForDeploymentPostprocessing = 0;
		};
/* End PBXFrameworksBuildPhase section */

/* Begin PBXGroup section */
		C270D1271F1DDA2100CD911B /* APIManager */ = {
			isa = PBXGroup;
			children = (
			);
			path = APIManager;
			sourceTree = "<group>";
		};
		C270D1281F1DDA2100CD911B /* AppDelegate */ = {
			isa = PBXGroup;
			children = (
				C270D1211F1DD9DF00CD911B /* AppDelegate.h */,
				C270D1221F1DD9DF00CD911B /* AppDelegate.m */,
			);
			path = AppDelegate;
			sourceTree = "<group>";
		};
		C270D12B1F1DDA2100CD911B /* Foundation */ = {
			isa = PBXGroup;
			children = (
				C270D12C1F1DDA2100CD911B /* ViewController.h */,
				C270D12D1F1DDA2100CD911B /* ViewController.m */,
			);
			path = Foundation;
			sourceTree = "<group>";
		};
		C270D12E1F1DDA2100CD911B /* General */ = {
			isa = PBXGroup;
			children = (
			);
			path = General;
			sourceTree = "<group>";
		};
		C270D12F1F1DDA2100CD911B /* Helper */ = {
			isa = PBXGroup;
			children = (
			);
			path = Helper;
			sourceTree = "<group>";
		};
		C270D1301F1DDA2100CD911B /* Macro */ = {
			isa = PBXGroup;
			children = (
			);
			path = Macro;
			sourceTree = "<group>";
		};
		C270D1311F1DDA2100CD911B /* Resource */ = {
			isa = PBXGroup;
			children = (
			);
			path = Resource;
			sourceTree = "<group>";
		};
		C270D1321F1DDA2100CD911B /* Section */ = {
			isa = PBXGroup;
			children = (
			);
			path = Section;
			sourceTree = "<group>";
		};
		C270D1331F1DDA2100CD911B /* Vendors */ = {
			isa = PBXGroup;
			children = (
			);
			path = Vendors;
			sourceTree = "<group>";
		};
		C2ED44861F1C81B700A753D8 = {
			isa = PBXGroup;
			children = (
				C2ED44911F1C81B700A753D8 /* EMS */,
				C2ED44AB1F1C81B700A753D8 /* EMSTests */,
				C2ED44B61F1C81B700A753D8 /* EMSUITests */,
				C2ED44901F1C81B700A753D8 /* Products */,
			);
			sourceTree = "<group>";
		};
		C2ED44901F1C81B700A753D8 /* Products */ = {
			isa = PBXGroup;
			children = (
				C2ED448F1F1C81B700A753D8 /* EMS.app */,
				C2ED44A81F1C81B700A753D8 /* EMSTests.xctest */,
				C2ED44B31F1C81B700A753D8 /* EMSUITests.xctest */,
			);
			name = Products;
			sourceTree = "<group>";
		};
		C2ED44911F1C81B700A753D8 /* EMS */ = {
			isa = PBXGroup;
			children = (
				C270D1271F1DDA2100CD911B /* APIManager */,
				C270D1281F1DDA2100CD911B /* AppDelegate */,
				C270D12B1F1DDA2100CD911B /* Foundation */,
				C270D12E1F1DDA2100CD911B /* General */,
				C270D12F1F1DDA2100CD911B /* Helper */,
				C270D1301F1DDA2100CD911B /* Macro */,
				C270D1311F1DDA2100CD911B /* Resource */,
				C270D1321F1DDA2100CD911B /* Section */,
				C270D1331F1DDA2100CD911B /* Vendors */,
				C2ED44921F1C81B700A753D8 /* Supporting Files */,
			);
			path = EMS;
			sourceTree = "<group>";
		};
		C2ED44921F1C81B700A753D8 /* Supporting Files */ = {
			isa = PBXGroup;
			children = (
				C2ED449B1F1C81B700A753D8 /* Main.storyboard */,
				C2ED449E1F1C81B700A753D8 /* Assets.xcassets */,
				C2ED44A01F1C81B700A753D8 /* LaunchScreen.storyboard */,
				C2ED44A31F1C81B700A753D8 /* Info.plist */,
				C2ED44931F1C81B700A753D8 /* main.m */,
			);
			name = "Supporting Files";
			sourceTree = "<group>";
		};
		C2ED44AB1F1C81B700A753D8 /* EMSTests */ = {
			isa = PBXGroup;
			children = (
				C2ED44AC1F1C81B700A753D8 /* EMSTests.m */,
				C2ED44AE1F1C81B700A753D8 /* Info.plist */,
			);
			path = EMSTests;
			sourceTree = "<group>";
		};
		C2ED44B61F1C81B700A753D8 /* EMSUITests */ = {
			isa = PBXGroup;
			children = (
				C2ED44B71F1C81B700A753D8 /* EMSUITests.m */,
				C2ED44B91F1C81B700A753D8 /* Info.plist */,
			);
			path = EMSUITests;
			sourceTree = "<group>";
		};
/* End PBXGroup section */

/* Begin PBXNativeTarget section */
		C2ED448E1F1C81B700A753D8 /* EMS */ = {
			isa = PBXNativeTarget;
			buildConfigurationList = C2ED44BC1F1C81B700A753D8 /* Build configuration list for PBXNativeTarget "EMS" */;
			buildPhases = (
				C2ED448B1F1C81B700A753D8 /* Sources */,
				C2ED448C1F1C81B700A753D8 /* Frameworks */,
				C2ED448D1F1C81B700A753D8 /* Resources */,
			);
			buildRules = (
			);
			dependencies = (
			);
			name = EMS;
			productName = EMS;
			productReference = C2ED448F1F1C81B700A753D8 /* EMS.app */;
			productType = "com.apple.product-type.application";
		};
		C2ED44A71F1C81B700A753D8 /* EMSTests */ = {
			isa = PBXNativeTarget;
			buildConfigurationList = C2ED44BF1F1C81B700A753D8 /* Build configuration list for PBXNativeTarget "EMSTests" */;
			buildPhases = (
				C2ED44A41F1C81B700A753D8 /* Sources */,
				C2ED44A51F1C81B700A753D8 /* Frameworks */,
				C2ED44A61F1C81B700A753D8 /* Resources */,
			);
			buildRules = (
			);
			dependencies = (
				C2ED44AA1F1C81B700A753D8 /* PBXTargetDependency */,
			);
			name = EMSTests;
			productName = EMSTests;
			productReference = C2ED44A81F1C81B700A753D8 /* EMSTests.xctest */;
			productType = "com.apple.product-type.bundle.unit-test";
		};
		C2ED44B21F1C81B700A753D8 /* EMSUITests */ = {
			isa = PBXNativeTarget;
			buildConfigurationList = C2ED44C21F1C81B700A753D8 /* Build configuration list for PBXNativeTarget "EMSUITests" */;
			buildPhases = (
				C2ED44AF1F1C81B700A753D8 /* Sources */,
				C2ED44B01F1C81B700A753D8 /* Frameworks */,
				C2ED44B11F1C81B700A753D8 /* Resources */,
			);
			buildRules = (
			);
			dependencies = (
				C2ED44B51F1C81B700A753D8 /* PBXTargetDependency */,
			);
			name = EMSUITests;
			productName = EMSUITests;
			productReference = C2ED44B31F1C81B700A753D8 /* EMSUITests.xctest */;
			productType = "com.apple.product-type.bundle.ui-testing";
		};
/* End PBXNativeTarget section */

/* Begin PBXProject section */
		C2ED44871F1C81B700A753D8 /* Project object */ = {
			isa = PBXProject;
			attributes = {
				LastUpgradeCheck = 0830;
				ORGANIZATIONNAME = "上海梓钦";
				TargetAttributes = {
					C2ED448E1F1C81B700A753D8 = {
						CreatedOnToolsVersion = 8.3.3;
						DevelopmentTeam = ZKGAJVAP47;
						ProvisioningStyle = Automatic;
					};
					C2ED44A71F1C81B700A753D8 = {
						CreatedOnToolsVersion = 8.3.3;
						DevelopmentTeam = ZKGAJVAP47;
						ProvisioningStyle = Automatic;
						TestTargetID = C2ED448E1F1C81B700A753D8;
					};
					C2ED44B21F1C81B700A753D8 = {
						CreatedOnToolsVersion = 8.3.3;
						DevelopmentTeam = ZKGAJVAP47;
						ProvisioningStyle = Automatic;
						TestTargetID = C2ED448E1F1C81B700A753D8;
					};
				};
			};
			buildConfigurationList = C2ED448A1F1C81B700A753D8 /* Build configuration list for PBXProject "EMS" */;
			compatibilityVersion = "Xcode 3.2";
			developmentRegion = English;
			hasScannedForEncodings = 0;
			knownRegions = (
				en,
				Base,
			);
			mainGroup = C2ED44861F1C81B700A753D8;
			productRefGroup = C2ED44901F1C81B700A753D8 /* Products */;
			projectDirPath = "";
			projectRoot = "";
			targets = (
				C2ED448E1F1C81B700A753D8 /* EMS */,
				C2ED44A71F1C81B700A753D8 /* EMSTests */,
				C2ED44B21F1C81B700A753D8 /* EMSUITests */,
			);
		};
/* End PBXProject section */

/* Begin PBXResourcesBuildPhase section */
		C2ED448D1F1C81B700A753D8 /* Resources */ = {
			isa = PBXResourcesBuildPhase;
			buildActionMask = 2147483647;
			files = (
				C2ED44A21F1C81B700A753D8 /* LaunchScreen.storyboard in Resources */,
				C2ED449F1F1C81B700A753D8 /* Assets.xcassets in Resources */,
				C2ED449D1F1C81B700A753D8 /* Main.storyboard in Resources */,
			);
			runOnlyForDeploymentPostprocessing = 0;
		};
		C2ED44A61F1C81B700A753D8 /* Resources */ = {
			isa = PBXResourcesBuildPhase;
			buildActionMask = 2147483647;
			files = (
			);
			runOnlyForDeploymentPostprocessing = 0;
		};
		C2ED44B11F1C81B700A753D8 /* Resources */ = {
			isa = PBXResourcesBuildPhase;
			buildActionMask = 2147483647;
			files = (
			);
			runOnlyForDeploymentPostprocessing = 0;
		};
/* End PBXResourcesBuildPhase section */

/* Begin PBXSourcesBuildPhase section */
		C2ED448B1F1C81B700A753D8 /* Sources */ = {
			isa = PBXSourcesBuildPhase;
			buildActionMask = 2147483647;
			files = (
				C270D1231F1DD9DF00CD911B /* AppDelegate.m in Sources */,
				C2ED44941F1C81B700A753D8 /* main.m in Sources */,
				C270D1351F1DDA2100CD911B /* ViewController.m in Sources */,
			);
			runOnlyForDeploymentPostprocessing = 0;
		};
		C2ED44A41F1C81B700A753D8 /* Sources */ = {
			isa = PBXSourcesBuildPhase;
			buildActionMask = 2147483647;
			files = (
				C2ED44AD1F1C81B700A753D8 /* EMSTests.m in Sources */,
			);
			runOnlyForDeploymentPostprocessing = 0;
		};
		C2ED44AF1F1C81B700A753D8 /* Sources */ = {
			isa = PBXSourcesBuildPhase;
			buildActionMask = 2147483647;
			files = (
				C2ED44B81F1C81B700A753D8 /* EMSUITests.m in Sources */,
			);
			runOnlyForDeploymentPostprocessing = 0;
		};
/* End PBXSourcesBuildPhase section */

/* Begin PBXTargetDependency section */
		C2ED44AA1F1C81B700A753D8 /* PBXTargetDependency */ = {
			isa = PBXTargetDependency;
			target = C2ED448E1F1C81B700A753D8 /* EMS */;
			targetProxy = C2ED44A91F1C81B700A753D8 /* PBXContainerItemProxy */;
		};
		C2ED44B51F1C81B700A753D8 /* PBXTargetDependency */ = {
			isa = PBXTargetDependency;
			target = C2ED448E1F1C81B700A753D8 /* EMS */;
			targetProxy = C2ED44B41F1C81B700A753D8 /* PBXContainerItemProxy */;
		};
/* End PBXTargetDependency section */

/* Begin PBXVariantGroup section */
		C2ED449B1F1C81B700A753D8 /* Main.storyboard */ = {
			isa = PBXVariantGroup;
			children = (
				C2ED449C1F1C81B700A753D8 /* Base */,
			);
			name = Main.storyboard;
			sourceTree = "<group>";
		};
		C2ED44A01F1C81B700A753D8 /* LaunchScreen.storyboard */ = {
			isa = PBXVariantGroup;
			children = (
				C2ED44A11F1C81B700A753D8 /* Base */,
			);
			name = LaunchScreen.storyboard;
			sourceTree = "<group>";
		};
/* End PBXVariantGroup section */

/* Begin XCBuildConfiguration section */
		C2ED44BA1F1C81B700A753D8 /* Debug */ = {
			isa = XCBuildConfiguration;
			buildSettings = {
				ALWAYS_SEARCH_USER_PATHS = NO;
				CLANG_ANALYZER_NONNULL = YES;
				CLANG_ANALYZER_NUMBER_OBJECT_CONVERSION = YES_AGGRESSIVE;
				CLANG_CXX_LANGUAGE_STANDARD = "gnu++0x";
				CLANG_CXX_LIBRARY = "libc++";
				CLANG_ENABLE_MODULES = YES;
				CLANG_ENABLE_OBJC_ARC = YES;
				CLANG_WARN_BOOL_CONVERSION = YES;
				CLANG_WARN_CONSTANT_CONVERSION = YES;
				CLANG_WARN_DIRECT_OBJC_ISA_USAGE = YES_ERROR;
				CLANG_WARN_DOCUMENTATION_COMMENTS = YES;
				CLANG_WARN_EMPTY_BODY = YES;
				CLANG_WARN_ENUM_CONVERSION = YES;
				CLANG_WARN_INFINITE_RECURSION = YES;
				CLANG_WARN_INT_CONVERSION = YES;
				CLANG_WARN_OBJC_ROOT_CLASS = YES_ERROR;
				CLANG_WARN_SUSPICIOUS_MOVE = YES;
				CLANG_WARN_UNREACHABLE_CODE = YES;
				CLANG_WARN__DUPLICATE_METHOD_MATCH = YES;
				"CODE_SIGN_IDENTITY[sdk=iphoneos*]" = "iPhone Developer";
				COPY_PHASE_STRIP = NO;
				DEBUG_INFORMATION_FORMAT = dwarf;
				ENABLE_STRICT_OBJC_MSGSEND = YES;
				ENABLE_TESTABILITY = YES;
				GCC_C_LANGUAGE_STANDARD = gnu99;
				GCC_DYNAMIC_NO_PIC = NO;
				GCC_NO_COMMON_BLOCKS = YES;
				GCC_OPTIMIZATION_LEVEL = 0;
				GCC_PREPROCESSOR_DEFINITIONS = (
					"DEBUG=1",
					"$(inherited)",
				);
				GCC_WARN_64_TO_32_BIT_CONVERSION = YES;
				GCC_WARN_ABOUT_RETURN_TYPE = YES_ERROR;
				GCC_WARN_UNDECLARED_SELECTOR = YES;
				GCC_WARN_UNINITIALIZED_AUTOS = YES_AGGRESSIVE;
				GCC_WARN_UNUSED_FUNCTION = YES;
				GCC_WARN_UNUSED_VARIABLE = YES;
				IPHONEOS_DEPLOYMENT_TARGET = 10.3;
				MTL_ENABLE_DEBUG_INFO = YES;
				ONLY_ACTIVE_ARCH = YES;
				SDKROOT = iphoneos;
				TARGETED_DEVICE_FAMILY = "1,2";
			};
			name = Debug;
		};
		C2ED44BB1F1C81B700A753D8 /* Release */ = {
			isa = XCBuildConfiguration;
			buildSettings = {
				ALWAYS_SEARCH_USER_PATHS = NO;
				CLANG_ANALYZER_NONNULL = YES;
				CLANG_ANALYZER_NUMBER_OBJECT_CONVERSION = YES_AGGRESSIVE;
				CLANG_CXX_LANGUAGE_STANDARD = "gnu++0x";
				CLANG_CXX_LIBRARY = "libc++";
				CLANG_ENABLE_MODULES = YES;
				CLANG_ENABLE_OBJC_ARC = YES;
				CLANG_WARN_BOOL_CONVERSION = YES;
				CLANG_WARN_CONSTANT_CONVERSION = YES;
				CLANG_WARN_DIRECT_OBJC_ISA_USAGE = YES_ERROR;
				CLANG_WARN_DOCUMENTATION_COMMENTS = YES;
				CLANG_WARN_EMPTY_BODY = YES;
				CLANG_WARN_ENUM_CONVERSION = YES;
				CLANG_WARN_INFINITE_RECURSION = YES;
				CLANG_WARN_INT_CONVERSION = YES;
				CLANG_WARN_OBJC_ROOT_CLASS = YES_ERROR;
				CLANG_WARN_SUSPICIOUS_MOVE = YES;
				CLANG_WARN_UNREACHABLE_CODE = YES;
				CLANG_WARN__DUPLICATE_METHOD_MATCH = YES;
				"CODE_SIGN_IDENTITY[sdk=iphoneos*]" = "iPhone Developer";
				COPY_PHASE_STRIP = NO;
				DEBUG_INFORMATION_FORMAT = "dwarf-with-dsym";
				ENABLE_NS_ASSERTIONS = NO;
				ENABLE_STRICT_OBJC_MSGSEND = YES;
				GCC_C_LANGUAGE_STANDARD = gnu99;
				GCC_NO_COMMON_BLOCKS = YES;
				GCC_WARN_64_TO_32_BIT_CONVERSION = YES;
				GCC_WARN_ABOUT_RETURN_TYPE = YES_ERROR;
				GCC_WARN_UNDECLARED_SELECTOR = YES;
				GCC_WARN_UNINITIALIZED_AUTOS = YES_AGGRESSIVE;
				GCC_WARN_UNUSED_FUNCTION = YES;
				GCC_WARN_UNUSED_VARIABLE = YES;
				IPHONEOS_DEPLOYMENT_TARGET = 10.3;
				MTL_ENABLE_DEBUG_INFO = NO;
				SDKROOT = iphoneos;
				TARGETED_DEVICE_FAMILY = "1,2";
				VALIDATE_PRODUCT = YES;
			};
			name = Release;
		};
		C2ED44BD1F1C81B700A753D8 /* Debug */ = {
			isa = XCBuildConfiguration;
			buildSettings = {
				ASSETCATALOG_COMPILER_APPICON_NAME = AppIcon;
				DEVELOPMENT_TEAM = ZKGAJVAP47;
				INFOPLIST_FILE = EMS/Info.plist;
				LD_RUNPATH_SEARCH_PATHS = "$(inherited) @executable_path/Frameworks";
				PRODUCT_BUNDLE_IDENTIFIER = shanghaiziqin.EMS;
				PRODUCT_NAME = "$(TARGET_NAME)";
			};
			name = Debug;
		};
		C2ED44BE1F1C81B700A753D8 /* Release */ = {
			isa = XCBuildConfiguration;
			buildSettings = {
				ASSETCATALOG_COMPILER_APPICON_NAME = AppIcon;
				DEVELOPMENT_TEAM = ZKGAJVAP47;
				INFOPLIST_FILE = EMS/Info.plist;
				LD_RUNPATH_SEARCH_PATHS = "$(inherited) @executable_path/Frameworks";
				PRODUCT_BUNDLE_IDENTIFIER = shanghaiziqin.EMS;
				PRODUCT_NAME = "$(TARGET_NAME)";
			};
			name = Release;
		};
		C2ED44C01F1C81B700A753D8 /* Debug */ = {
			isa = XCBuildConfiguration;
			buildSettings = {
				BUNDLE_LOADER = "$(TEST_HOST)";
				DEVELOPMENT_TEAM = ZKGAJVAP47;
				INFOPLIST_FILE = EMSTests/Info.plist;
				LD_RUNPATH_SEARCH_PATHS = "$(inherited) @executable_path/Frameworks @loader_path/Frameworks";
				PRODUCT_BUNDLE_IDENTIFIER = shanghaiziqin.EMSTests;
				PRODUCT_NAME = "$(TARGET_NAME)";
				TEST_HOST = "$(BUILT_PRODUCTS_DIR)/EMS.app/EMS";
			};
			name = Debug;
		};
		C2ED44C11F1C81B700A753D8 /* Release */ = {
			isa = XCBuildConfiguration;
			buildSettings = {
				BUNDLE_LOADER = "$(TEST_HOST)";
				DEVELOPMENT_TEAM = ZKGAJVAP47;
				INFOPLIST_FILE = EMSTests/Info.plist;
				LD_RUNPATH_SEARCH_PATHS = "$(inherited) @executable_path/Frameworks @loader_path/Frameworks";
				PRODUCT_BUNDLE_IDENTIFIER = shanghaiziqin.EMSTests;
				PRODUCT_NAME = "$(TARGET_NAME)";
				TEST_HOST = "$(BUILT_PRODUCTS_DIR)/EMS.app/EMS";
			};
			name = Release;
		};
		C2ED44C31F1C81B700A753D8 /* Debug */ = {
			isa = XCBuildConfiguration;
			buildSettings = {
				DEVELOPMENT_TEAM = ZKGAJVAP47;
				INFOPLIST_FILE = EMSUITests/Info.plist;
				LD_RUNPATH_SEARCH_PATHS = "$(inherited) @executable_path/Frameworks @loader_path/Frameworks";
				PRODUCT_BUNDLE_IDENTIFIER = shanghaiziqin.EMSUITests;
				PRODUCT_NAME = "$(TARGET_NAME)";
				TEST_TARGET_NAME = EMS;
			};
			name = Debug;
		};
		C2ED44C41F1C81B700A753D8 /* Release */ = {
			isa = XCBuildConfiguration;
			buildSettings = {
				DEVELOPMENT_TEAM = ZKGAJVAP47;
				INFOPLIST_FILE = EMSUITests/Info.plist;
				LD_RUNPATH_SEARCH_PATHS = "$(inherited) @executable_path/Frameworks @loader_path/Frameworks";
				PRODUCT_BUNDLE_IDENTIFIER = shanghaiziqin.EMSUITests;
				PRODUCT_NAME = "$(TARGET_NAME)";
				TEST_TARGET_NAME = EMS;
			};
			name = Release;
		};
/* End XCBuildConfiguration section */

/* Begin XCConfigurationList section */
		C2ED448A1F1C81B700A753D8 /* Build configuration list for PBXProject "EMS" */ = {
			isa = XCConfigurationList;
			buildConfigurations = (
				C2ED44BA1F1C81B700A753D8 /* Debug */,
				C2ED44BB1F1C81B700A753D8 /* Release */,
			);
			defaultConfigurationIsVisible = 0;
			defaultConfigurationName = Release;
		};
		C2ED44BC1F1C81B700A753D8 /* Build configuration list for PBXNativeTarget "EMS" */ = {
			isa = XCConfigurationList;
			buildConfigurations = (
				C2ED44BD1F1C81B700A753D8 /* Debug */,
				C2ED44BE1F1C81B700A753D8 /* Release */,
			);
			defaultConfigurationIsVisible = 0;
			defaultConfigurationName = Release;
		};
		C2ED44BF1F1C81B700A753D8 /* Build configuration list for PBXNativeTarget "EMSTests" */ = {
			isa = XCConfigurationList;
			buildConfigurations = (
				C2ED44C01F1C81B700A753D8 /* Debug */,
				C2ED44C11F1C81B700A753D8 /* Release */,
			);
			defaultConfigurationIsVisible = 0;
			defaultConfigurationName = Release;
		};
		C2ED44C21F1C81B700A753D8 /* Build configuration list for PBXNativeTarget "EMSUITests" */ = {
			isa = XCConfigurationList;
			buildConfigurations = (
				C2ED44C31F1C81B700A753D8 /* Debug */,
				C2ED44C41F1C81B700A753D8 /* Release */,
			);
			defaultConfigurationIsVisible = 0;
			defaultConfigurationName = Release;
		};
/* End XCConfigurationList section */
	};
	rootObject = C2ED44871F1C81B700A753D8 /* Project object */;
}
